
Microsoft Visual Studio Solution File, Format Version 12.00
# Visual Studio Version 16
VisualStudioVersion = 16.0.30709.132
MinimumVisualStudioVersion = 10.0.40219.1
Project("{2150E333-8FDC-42A3-9474-1A3956D46DE8}") = "src", "src", "{C2E18366-47F3-4E1D-92E1-8392DCF7D8B9}"
EndProject
Project("{2150E333-8FDC-42A3-9474-1A3956D46DE8}") = "test", "test", "{CA954803-A56D-4C2B-B5CE-AF2B894FD33B}"
EndProject
Project("{FAE04EC0-301F-11D3-BF4B-00C04F79EFBC}") = "Ys7.SDK", "src\Ys7.SDK\Ys7.SDK.csproj", "{EFF3425C-B622-48B8-89E9-8DC0FA2EA241}"
EndProject
Project("{2150E333-8FDC-42A3-9474-1A3956D46DE8}") = "Solution Items", "Solution Items", "{A35CBE02-558A-45D9-9DDE-90DDC23A2670}"
	ProjectSection(SolutionItems) = preProject
		Directory.Build.props = Directory.Build.props
		README.md = README.md
	EndProjectSection
EndProject
Project("{FAE04EC0-301F-11D3-BF4B-00C04F79EFBC}") = "SdkTest", "test\SdkTest\SdkTest.csproj", "{A775E999-4373-4ECD-899B-17B6767E26FE}"
EndProject
Global
	GlobalSection(SolutionConfigurationPlatforms) = preSolution
		Debug|Any CPU = Debug|Any CPU
		Release|Any CPU = Release|Any CPU
	EndGlobalSection
	GlobalSection(ProjectConfigurationPlatforms) = postSolution
		{EFF3425C-B622-48B8-89E9-8DC0FA2EA241}.Debug|Any CPU.ActiveCfg = Debug|Any CPU
		{EFF3425C-B622-48B8-89E9-8DC0FA2EA241}.Debug|Any CPU.Build.0 = Debug|Any CPU
		{EFF3425C-B622-48B8-89E9-8DC0FA2EA241}.Release|Any CPU.ActiveCfg = Release|Any CPU
		{EFF3425C-B622-48B8-89E9-8DC0FA2EA241}.Release|Any CPU.Build.0 = Release|Any CPU
		{A775E999-4373-4ECD-899B-17B6767E26FE}.Debug|Any CPU.ActiveCfg = Debug|Any CPU
		{A775E999-4373-4ECD-899B-17B6767E26FE}.Debug|Any CPU.Build.0 = Debug|Any CPU
		{A775E999-4373-4ECD-899B-17B6767E26FE}.Release|Any CPU.ActiveCfg = Release|Any CPU
		{A775E999-4373-4ECD-899B-17B6767E26FE}.Release|Any CPU.Build.0 = Release|Any CPU
	EndGlobalSection
	GlobalSection(SolutionProperties) = preSolution
		HideSolutionNode = FALSE
	EndGlobalSection
	GlobalSection(NestedProjects) = preSolution
		{EFF3425C-B622-48B8-89E9-8DC0FA2EA241} = {C2E18366-47F3-4E1D-92E1-8392DCF7D8B9}
		{A775E999-4373-4ECD-899B-17B6767E26FE} = {CA954803-A56D-4C2B-B5CE-AF2B894FD33B}
	EndGlobalSection
	GlobalSection(ExtensibilityGlobals) = postSolution
		SolutionGuid = {4CBE4397-4AA4-4070-AF4B-8FFF61B4C88C}
	EndGlobalSection
EndGlobal
